// !$*UTF8*$!
{
	archiveVersion = 1;
	classes = {
	};
	objectVersion = 56;
	objects = {

/* Begin PBXBuildFile section */
		357E015229DBEDAE00056B42 /* AppDelegate.swift in Sources */ = {isa = PBXBuildFile; fileRef = 357E015129DBEDAE00056B42 /* AppDelegate.swift */; };
		357E015B29DBEDAF00056B42 /* Assets.xcassets in Resources */ = {isa = PBXBuildFile; fileRef = 357E015A29DBEDAF00056B42 /* Assets.xcassets */; };
		357E015E29DBEDAF00056B42 /* LaunchScreen.storyboard in Resources */ = {isa = PBXBuildFile; fileRef = 357E015C29DBEDAF00056B42 /* LaunchScreen.storyboard */; };
		357E016929DBEDAF00056B42 /* movieTrendingTests.swift in Sources */ = {isa = PBXBuildFile; fileRef = 357E016829DBEDAF00056B42 /* movieTrendingTests.swift */; };
		357E017329DBEDAF00056B42 /* movieTrendingUITests.swift in Sources */ = {isa = PBXBuildFile; fileRef = 357E017229DBEDAF00056B42 /* movieTrendingUITests.swift */; };
		357E017529DBEDAF00056B42 /* movieTrendingUITestsLaunchTests.swift in Sources */ = {isa = PBXBuildFile; fileRef = 357E017429DBEDAF00056B42 /* movieTrendingUITestsLaunchTests.swift */; };
		357E018429DBFB9F00056B42 /* MainViewController.swift in Sources */ = {isa = PBXBuildFile; fileRef = 357E018229DBFB9F00056B42 /* MainViewController.swift */; };
		357E018529DBFB9F00056B42 /* MainViewController.xib in Resources */ = {isa = PBXBuildFile; fileRef = 357E018329DBFB9F00056B42 /* MainViewController.xib */; };
		357E018F29DC1C7400056B42 /* MainViewController+TableView.swift in Sources */ = {isa = PBXBuildFile; fileRef = 357E018E29DC1C7400056B42 /* MainViewController+TableView.swift */; };
		357E019129DC270000056B42 /* MainViewModel.swift in Sources */ = {isa = PBXBuildFile; fileRef = 357E019029DC270000056B42 /* MainViewModel.swift */; };
/* End PBXBuildFile section */

/* Begin PBXContainerItemProxy section */
		357E016529DBEDAF00056B42 /* PBXContainerItemProxy */ = {
			isa = PBXContainerItemProxy;
			containerPortal = 357E014629DBEDAE00056B42 /* Project object */;
			proxyType = 1;
			remoteGlobalIDString = 357E014D29DBEDAE00056B42;
			remoteInfo = movieTrending;
		};
		357E016F29DBEDAF00056B42 /* PBXContainerItemProxy */ = {
			isa = PBXContainerItemProxy;
			containerPortal = 357E014629DBEDAE00056B42 /* Project object */;
			proxyType = 1;
			remoteGlobalIDString = 357E014D29DBEDAE00056B42;
			remoteInfo = movieTrending;
		};
/* End PBXContainerItemProxy section */

/* Begin PBXFileReference section */
		357E014E29DBEDAE00056B42 /* movieTrending.app */ = {isa = PBXFileReference; explicitFileType = wrapper.application; includeInIndex = 0; path = movieTrending.app; sourceTree = BUILT_PRODUCTS_DIR; };
		357E015129DBEDAE00056B42 /* AppDelegate.swift */ = {isa = PBXFileReference; lastKnownFileType = sourcecode.swift; path = AppDelegate.swift; sourceTree = "<group>"; };
		357E015A29DBEDAF00056B42 /* Assets.xcassets */ = {isa = PBXFileReference; lastKnownFileType = folder.assetcatalog; path = Assets.xcassets; sourceTree = "<group>"; };
		357E015D29DBEDAF00056B42 /* Base */ = {isa = PBXFileReference; lastKnownFileType = file.storyboard; name = Base; path = Base.lproj/LaunchScreen.storyboard; sourceTree = "<group>"; };
		357E015F29DBEDAF00056B42 /* Info.plist */ = {isa = PBXFileReference; lastKnownFileType = text.plist.xml; path = Info.plist; sourceTree = "<group>"; };
		357E016429DBEDAF00056B42 /* movieTrendingTests.xctest */ = {isa = PBXFileReference; explicitFileType = wrapper.cfbundle; includeInIndex = 0; path = movieTrendingTests.xctest; sourceTree = BUILT_PRODUCTS_DIR; };
		357E016829DBEDAF00056B42 /* movieTrendingTests.swift */ = {isa = PBXFileReference; lastKnownFileType = sourcecode.swift; path = movieTrendingTests.swift; sourceTree = "<group>"; };
		357E016E29DBEDAF00056B42 /* movieTrendingUITests.xctest */ = {isa = PBXFileReference; explicitFileType = wrapper.cfbundle; includeInIndex = 0; path = movieTrendingUITests.xctest; sourceTree = BUILT_PRODUCTS_DIR; };
		357E017229DBEDAF00056B42 /* movieTrendingUITests.swift */ = {isa = PBXFileReference; lastKnownFileType = sourcecode.swift; path = movieTrendingUITests.swift; sourceTree = "<group>"; };
		357E017429DBEDAF00056B42 /* movieTrendingUITestsLaunchTests.swift */ = {isa = PBXFileReference; lastKnownFileType = sourcecode.swift; path = movieTrendingUITestsLaunchTests.swift; sourceTree = "<group>"; };
		357E018229DBFB9F00056B42 /* MainViewController.swift */ = {isa = PBXFileReference; lastKnownFileType = sourcecode.swift; path = MainViewController.swift; sourceTree = "<group>"; };
		357E018329DBFB9F00056B42 /* MainViewController.xib */ = {isa = PBXFileReference; lastKnownFileType = file.xib; path = MainViewController.xib; sourceTree = "<group>"; };
		357E018E29DC1C7400056B42 /* MainViewController+TableView.swift */ = {isa = PBXFileReference; lastKnownFileType = sourcecode.swift; path = "MainViewController+TableView.swift"; sourceTree = "<group>"; };
		357E019029DC270000056B42 /* MainViewModel.swift */ = {isa = PBXFileReference; lastKnownFileType = sourcecode.swift; path = MainViewModel.swift; sourceTree = "<group>"; };
/* End PBXFileReference section */

/* Begin PBXFrameworksBuildPhase section */
		357E014B29DBEDAE00056B42 /* Frameworks */ = {
			isa = PBXFrameworksBuildPhase;
			buildActionMask = 2147483647;
			files = (
			);
			runOnlyForDeploymentPostprocessing = 0;
		};
		357E016129DBEDAF00056B42 /* Frameworks */ = {
			isa = PBXFrameworksBuildPhase;
			buildActionMask = 2147483647;
			files = (
			);
			runOnlyForDeploymentPostprocessing = 0;
		};
		357E016B29DBEDAF00056B42 /* Frameworks */ = {
			isa = PBXFrameworksBuildPhase;
			buildActionMask = 2147483647;
			files = (
			);
			runOnlyForDeploymentPostprocessing = 0;
		};
/* End PBXFrameworksBuildPhase section */

/* Begin PBXGroup section */
		357E014529DBEDAE00056B42 = {
			isa = PBXGroup;
			children = (
				357E015029DBEDAE00056B42 /* movieTrending */,
				357E016729DBEDAF00056B42 /* movieTrendingTests */,
				357E017129DBEDAF00056B42 /* movieTrendingUITests */,
				357E014F29DBEDAE00056B42 /* Products */,
			);
			sourceTree = "<group>";
		};
		357E014F29DBEDAE00056B42 /* Products */ = {
			isa = PBXGroup;
			children = (
				357E014E29DBEDAE00056B42 /* movieTrending.app */,
				357E016429DBEDAF00056B42 /* movieTrendingTests.xctest */,
				357E016E29DBEDAF00056B42 /* movieTrendingUITests.xctest */,
			);
			name = Products;
			sourceTree = "<group>";
		};
		357E015029DBEDAE00056B42 /* movieTrending */ = {
			isa = PBXGroup;
			children = (
				357E018D29DC0B5600056B42 /* Networking */,
				357E018C29DC0B3B00056B42 /* Extensions */,
				357E018B29DC0B1600056B42 /* Resources */,
				357E018A29DC0B0000056B42 /* Classes */,
				357E018929DC0AF200056B42 /* Model */,
				357E018829DC0AE400056B42 /* Controllers */,
				357E018729DC0AD800056B42 /* ViewModel */,
				357E018629DC0AC900056B42 /* View */,
				357E015129DBEDAE00056B42 /* AppDelegate.swift */,
				357E015F29DBEDAF00056B42 /* Info.plist */,
			);
			path = movieTrending;
			sourceTree = "<group>";
		};
		357E016729DBEDAF00056B42 /* movieTrendingTests */ = {
			isa = PBXGroup;
			children = (
				357E016829DBEDAF00056B42 /* movieTrendingTests.swift */,
			);
			path = movieTrendingTests;
			sourceTree = "<group>";
		};
		357E017129DBEDAF00056B42 /* movieTrendingUITests */ = {
			isa = PBXGroup;
			children = (
				357E017229DBEDAF00056B42 /* movieTrendingUITests.swift */,
				357E017429DBEDAF00056B42 /* movieTrendingUITestsLaunchTests.swift */,
			);
			path = movieTrendingUITests;
			sourceTree = "<group>";
		};
		357E018129DBFB2200056B42 /* mainViewController */ = {
			isa = PBXGroup;
			children = (
				357E018229DBFB9F00056B42 /* MainViewController.swift */,
				357E018329DBFB9F00056B42 /* MainViewController.xib */,
				357E018E29DC1C7400056B42 /* MainViewController+TableView.swift */,
			);
			path = mainViewController;
			sourceTree = "<group>";
		};
		357E018629DC0AC900056B42 /* View */ = {
			isa = PBXGroup;
			children = (
				357E015C29DBEDAF00056B42 /* LaunchScreen.storyboard */,
			);
			path = View;
			sourceTree = "<group>";
		};
		357E018729DC0AD800056B42 /* ViewModel */ = {
			isa = PBXGroup;
			children = (
				357E019029DC270000056B42 /* MainViewModel.swift */,
			);
			path = ViewModel;
			sourceTree = "<group>";
		};
		357E018829DC0AE400056B42 /* Controllers */ = {
			isa = PBXGroup;
			children = (
				357E018129DBFB2200056B42 /* mainViewController */,
			);
			path = Controllers;
			sourceTree = "<group>";
		};
		357E018929DC0AF200056B42 /* Model */ = {
			isa = PBXGroup;
			children = (
			);
			path = Model;
			sourceTree = "<group>";
		};
		357E018A29DC0B0000056B42 /* Classes */ = {
			isa = PBXGroup;
			children = (
			);
			path = Classes;
			sourceTree = "<group>";
		};
		357E018B29DC0B1600056B42 /* Resources */ = {
			isa = PBXGroup;
			children = (
				357E015A29DBEDAF00056B42 /* Assets.xcassets */,
			);
			path = Resources;
			sourceTree = "<group>";
		};
		357E018C29DC0B3B00056B42 /* Extensions */ = {
			isa = PBXGroup;
			children = (
			);
			path = Extensions;
			sourceTree = "<group>";
		};
		357E018D29DC0B5600056B42 /* Networking */ = {
			isa = PBXGroup;
			children = (
			);
			path = Networking;
			sourceTree = "<group>";
		};
/* End PBXGroup section */

/* Begin PBXNativeTarget section */
		357E014D29DBEDAE00056B42 /* movieTrending */ = {
			isa = PBXNativeTarget;
			buildConfigurationList = 357E017829DBEDAF00056B42 /* Build configuration list for PBXNativeTarget "movieTrending" */;
			buildPhases = (
				357E014A29DBEDAE00056B42 /* Sources */,
				357E014B29DBEDAE00056B42 /* Frameworks */,
				357E014C29DBEDAE00056B42 /* Resources */,
			);
			buildRules = (
			);
			dependencies = (
			);
			name = movieTrending;
			productName = movieTrending;
			productReference = 357E014E29DBEDAE00056B42 /* movieTrending.app */;
			productType = "com.apple.product-type.application";
		};
		357E016329DBEDAF00056B42 /* movieTrendingTests */ = {
			isa = PBXNativeTarget;
			buildConfigurationList = 357E017B29DBEDAF00056B42 /* Build configuration list for PBXNativeTarget "movieTrendingTests" */;
			buildPhases = (
				357E016029DBEDAF00056B42 /* Sources */,
				357E016129DBEDAF00056B42 /* Frameworks */,
				357E016229DBEDAF00056B42 /* Resources */,
			);
			buildRules = (
			);
			dependencies = (
				357E016629DBEDAF00056B42 /* PBXTargetDependency */,
			);
			name = movieTrendingTests;
			productName = movieTrendingTests;
			productReference = 357E016429DBEDAF00056B42 /* movieTrendingTests.xctest */;
			productType = "com.apple.product-type.bundle.unit-test";
		};
		357E016D29DBEDAF00056B42 /* movieTrendingUITests */ = {
			isa = PBXNativeTarget;
			buildConfigurationList = 357E017E29DBEDAF00056B42 /* Build configuration list for PBXNativeTarget "movieTrendingUITests" */;
			buildPhases = (
				357E016A29DBEDAF00056B42 /* Sources */,
				357E016B29DBEDAF00056B42 /* Frameworks */,
				357E016C29DBEDAF00056B42 /* Resources */,
			);
			buildRules = (
			);
			dependencies = (
				357E017029DBEDAF00056B42 /* PBXTargetDependency */,
			);
			name = movieTrendingUITests;
			productName = movieTrendingUITests;
			productReference = 357E016E29DBEDAF00056B42 /* movieTrendingUITests.xctest */;
			productType = "com.apple.product-type.bundle.ui-testing";
		};
/* End PBXNativeTarget section */

/* Begin PBXProject section */
		357E014629DBEDAE00056B42 /* Project object */ = {
			isa = PBXProject;
			attributes = {
				BuildIndependentTargetsInParallel = 1;
				LastSwiftUpdateCheck = 1420;
				LastUpgradeCheck = 1420;
				TargetAttributes = {
					357E014D29DBEDAE00056B42 = {
						CreatedOnToolsVersion = 14.2;
					};
					357E016329DBEDAF00056B42 = {
						CreatedOnToolsVersion = 14.2;
						TestTargetID = 357E014D29DBEDAE00056B42;
					};
					357E016D29DBEDAF00056B42 = {
						CreatedOnToolsVersion = 14.2;
						TestTargetID = 357E014D29DBEDAE00056B42;
					};
				};
			};
			buildConfigurationList = 357E014929DBEDAE00056B42 /* Build configuration list for PBXProject "movieTrending" */;
			compatibilityVersion = "Xcode 14.0";
			developmentRegion = en;
			hasScannedForEncodings = 0;
			knownRegions = (
				en,
				Base,
			);
			mainGroup = 357E014529DBEDAE00056B42;
			productRefGroup = 357E014F29DBEDAE00056B42 /* Products */;
			projectDirPath = "";
			projectRoot = "";
			targets = (
				357E014D29DBEDAE00056B42 /* movieTrending */,
				357E016329DBEDAF00056B42 /* movieTrendingTests */,
				357E016D29DBEDAF00056B42 /* movieTrendingUITests */,
			);
		};
/* End PBXProject section */

/* Begin PBXResourcesBuildPhase section */
		357E014C29DBEDAE00056B42 /* Resources */ = {
			isa = PBXResourcesBuildPhase;
			buildActionMask = 2147483647;
			files = (
				357E015E29DBEDAF00056B42 /* LaunchScreen.storyboard in Resources */,
				357E018529DBFB9F00056B42 /* MainViewController.xib in Resources */,
				357E015B29DBEDAF00056B42 /* Assets.xcassets in Resources */,
			);
			runOnlyForDeploymentPostprocessing = 0;
		};
		357E016229DBEDAF00056B42 /* Resources */ = {
			isa = PBXResourcesBuildPhase;
			buildActionMask = 2147483647;
			files = (
			);
			runOnlyForDeploymentPostprocessing = 0;
		};
		357E016C29DBEDAF00056B42 /* Resources */ = {
			isa = PBXResourcesBuildPhase;
			buildActionMask = 2147483647;
			files = (
			);
			runOnlyForDeploymentPostprocessing = 0;
		};
/* End PBXResourcesBuildPhase section */

/* Begin PBXSourcesBuildPhase section */
		357E014A29DBEDAE00056B42 /* Sources */ = {
			isa = PBXSourcesBuildPhase;
			buildActionMask = 2147483647;
			files = (
				357E015229DBEDAE00056B42 /* AppDelegate.swift in Sources */,
				357E018F29DC1C7400056B42 /* MainViewController+TableView.swift in Sources */,
				357E018429DBFB9F00056B42 /* MainViewController.swift in Sources */,
				357E019129DC270000056B42 /* MainViewModel.swift in Sources */,
			);
			runOnlyForDeploymentPostprocessing = 0;
		};
		357E016029DBEDAF00056B42 /* Sources */ = {
			isa = PBXSourcesBuildPhase;
			buildActionMask = 2147483647;
			files = (
				357E016929DBEDAF00056B42 /* movieTrendingTests.swift in Sources */,
			);
			runOnlyForDeploymentPostprocessing = 0;
		};
		357E016A29DBEDAF00056B42 /* Sources */ = {
			isa = PBXSourcesBuildPhase;
			buildActionMask = 2147483647;
			files = (
				357E017529DBEDAF00056B42 /* movieTrendingUITestsLaunchTests.swift in Sources */,
				357E017329DBEDAF00056B42 /* movieTrendingUITests.swift in Sources */,
			);
			runOnlyForDeploymentPostprocessing = 0;
		};
/* End PBXSourcesBuildPhase section */

/* Begin PBXTargetDependency section */
		357E016629DBEDAF00056B42 /* PBXTargetDependency */ = {
			isa = PBXTargetDependency;
			target = 357E014D29DBEDAE00056B42 /* movieTrending */;
			targetProxy = 357E016529DBEDAF00056B42 /* PBXContainerItemProxy */;
		};
		357E017029DBEDAF00056B42 /* PBXTargetDependency */ = {
			isa = PBXTargetDependency;
			target = 357E014D29DBEDAE00056B42 /* movieTrending */;
			targetProxy = 357E016F29DBEDAF00056B42 /* PBXContainerItemProxy */;
		};
/* End PBXTargetDependency section */

/* Begin PBXVariantGroup section */
		357E015C29DBEDAF00056B42 /* LaunchScreen.storyboard */ = {
			isa = PBXVariantGroup;
			children = (
				357E015D29DBEDAF00056B42 /* Base */,
			);
			name = LaunchScreen.storyboard;
			sourceTree = "<group>";
		};
/* End PBXVariantGroup section */

/* Begin XCBuildConfiguration section */
		357E017629DBEDAF00056B42 /* Debug */ = {
			isa = XCBuildConfiguration;
			buildSettings = {
				ALWAYS_SEARCH_USER_PATHS = NO;
				CLANG_ANALYZER_NONNULL = YES;
				CLANG_ANALYZER_NUMBER_OBJECT_CONVERSION = YES_AGGRESSIVE;
				CLANG_CXX_LANGUAGE_STANDARD = "gnu++20";
				CLANG_ENABLE_MODULES = YES;
				CLANG_ENABLE_OBJC_ARC = YES;
				CLANG_ENABLE_OBJC_WEAK = YES;
				CLANG_WARN_BLOCK_CAPTURE_AUTORELEASING = YES;
				CLANG_WARN_BOOL_CONVERSION = YES;
				CLANG_WARN_COMMA = YES;
				CLANG_WARN_CONSTANT_CONVERSION = YES;
				CLANG_WARN_DEPRECATED_OBJC_IMPLEMENTATIONS = YES;
				CLANG_WARN_DIRECT_OBJC_ISA_USAGE = YES_ERROR;
				CLANG_WARN_DOCUMENTATION_COMMENTS = YES;
				CLANG_WARN_EMPTY_BODY = YES;
				CLANG_WARN_ENUM_CONVERSION = YES;
				CLANG_WARN_INFINITE_RECURSION = YES;
				CLANG_WARN_INT_CONVERSION = YES;
				CLANG_WARN_NON_LITERAL_NULL_CONVERSION = YES;
				CLANG_WARN_OBJC_IMPLICIT_RETAIN_SELF = YES;
				CLANG_WARN_OBJC_LITERAL_CONVERSION = YES;
				CLANG_WARN_OBJC_ROOT_CLASS = YES_ERROR;
				CLANG_WARN_QUOTED_INCLUDE_IN_FRAMEWORK_HEADER = YES;
				CLANG_WARN_RANGE_LOOP_ANALYSIS = YES;
				CLANG_WARN_STRICT_PROTOTYPES = YES;
				CLANG_WARN_SUSPICIOUS_MOVE = YES;
				CLANG_WARN_UNGUARDED_AVAILABILITY = YES_AGGRESSIVE;
				CLANG_WARN_UNREACHABLE_CODE = YES;
				CLANG_WARN__DUPLICATE_METHOD_MATCH = YES;
				COPY_PHASE_STRIP = NO;
				DEBUG_INFORMATION_FORMAT = dwarf;
				ENABLE_STRICT_OBJC_MSGSEND = YES;
				ENABLE_TESTABILITY = YES;
				GCC_C_LANGUAGE_STANDARD = gnu11;
				GCC_DYNAMIC_NO_PIC = NO;
				GCC_NO_COMMON_BLOCKS = YES;
				GCC_OPTIMIZATION_LEVEL = 0;
				GCC_PREPROCESSOR_DEFINITIONS = (
					"DEBUG=1",
					"$(inherited)",
				);
				GCC_WARN_64_TO_32_BIT_CONVERSION = YES;
				GCC_WARN_ABOUT_RETURN_TYPE = YES_ERROR;
				GCC_WARN_UNDECLARED_SELECTOR = YES;
				GCC_WARN_UNINITIALIZED_AUTOS = YES_AGGRESSIVE;
				GCC_WARN_UNUSED_FUNCTION = YES;
				GCC_WARN_UNUSED_VARIABLE = YES;
				IPHONEOS_DEPLOYMENT_TARGET = 16.2;
				MTL_ENABLE_DEBUG_INFO = INCLUDE_SOURCE;
				MTL_FAST_MATH = YES;
				ONLY_ACTIVE_ARCH = YES;
				SDKROOT = iphoneos;
				SWIFT_ACTIVE_COMPILATION_CONDITIONS = DEBUG;
				SWIFT_OPTIMIZATION_LEVEL = "-Onone";
			};
			name = Debug;
		};
		357E017729DBEDAF00056B42 /* Release */ = {
			isa = XCBuildConfiguration;
			buildSettings = {
				ALWAYS_SEARCH_USER_PATHS = NO;
				CLANG_ANALYZER_NONNULL = YES;
				CLANG_ANALYZER_NUMBER_OBJECT_CONVERSION = YES_AGGRESSIVE;
				CLANG_CXX_LANGUAGE_STANDARD = "gnu++20";
				CLANG_ENABLE_MODULES = YES;
				CLANG_ENABLE_OBJC_ARC = YES;
				CLANG_ENABLE_OBJC_WEAK = YES;
				CLANG_WARN_BLOCK_CAPTURE_AUTORELEASING = YES;
				CLANG_WARN_BOOL_CONVERSION = YES;
				CLANG_WARN_COMMA = YES;
				CLANG_WARN_CONSTANT_CONVERSION = YES;
				CLANG_WARN_DEPRECATED_OBJC_IMPLEMENTATIONS = YES;
				CLANG_WARN_DIRECT_OBJC_ISA_USAGE = YES_ERROR;
				CLANG_WARN_DOCUMENTATION_COMMENTS = YES;
				CLANG_WARN_EMPTY_BODY = YES;
				CLANG_WARN_ENUM_CONVERSION = YES;
				CLANG_WARN_INFINITE_RECURSION = YES;
				CLANG_WARN_INT_CONVERSION = YES;
				CLANG_WARN_NON_LITERAL_NULL_CONVERSION = YES;
				CLANG_WARN_OBJC_IMPLICIT_RETAIN_SELF = YES;
				CLANG_WARN_OBJC_LITERAL_CONVERSION = YES;
				CLANG_WARN_OBJC_ROOT_CLASS = YES_ERROR;
				CLANG_WARN_QUOTED_INCLUDE_IN_FRAMEWORK_HEADER = YES;
				CLANG_WARN_RANGE_LOOP_ANALYSIS = YES;
				CLANG_WARN_STRICT_PROTOTYPES = YES;
				CLANG_WARN_SUSPICIOUS_MOVE = YES;
				CLANG_WARN_UNGUARDED_AVAILABILITY = YES_AGGRESSIVE;
				CLANG_WARN_UNREACHABLE_CODE = YES;
				CLANG_WARN__DUPLICATE_METHOD_MATCH = YES;
				COPY_PHASE_STRIP = NO;
				DEBUG_INFORMATION_FORMAT = "dwarf-with-dsym";
				ENABLE_NS_ASSERTIONS = NO;
				ENABLE_STRICT_OBJC_MSGSEND = YES;
				GCC_C_LANGUAGE_STANDARD = gnu11;
				GCC_NO_COMMON_BLOCKS = YES;
				GCC_WARN_64_TO_32_BIT_CONVERSION = YES;
				GCC_WARN_ABOUT_RETURN_TYPE = YES_ERROR;
				GCC_WARN_UNDECLARED_SELECTOR = YES;
				GCC_WARN_UNINITIALIZED_AUTOS = YES_AGGRESSIVE;
				GCC_WARN_UNUSED_FUNCTION = YES;
				GCC_WARN_UNUSED_VARIABLE = YES;
				IPHONEOS_DEPLOYMENT_TARGET = 16.2;
				MTL_ENABLE_DEBUG_INFO = NO;
				MTL_FAST_MATH = YES;
				SDKROOT = iphoneos;
				SWIFT_COMPILATION_MODE = wholemodule;
				SWIFT_OPTIMIZATION_LEVEL = "-O";
				VALIDATE_PRODUCT = YES;
			};
			name = Release;
		};
		357E017929DBEDAF00056B42 /* Debug */ = {
			isa = XCBuildConfiguration;
			buildSettings = {
				ASSETCATALOG_COMPILER_APPICON_NAME = AppIcon;
				ASSETCATALOG_COMPILER_GLOBAL_ACCENT_COLOR_NAME = AccentColor;
				CODE_SIGN_STYLE = Automatic;
				CURRENT_PROJECT_VERSION = 1;
				GENERATE_INFOPLIST_FILE = YES;
				INFOPLIST_FILE = movieTrending/Info.plist;
				INFOPLIST_KEY_UIApplicationSupportsIndirectInputEvents = YES;
				INFOPLIST_KEY_UILaunchStoryboardName = LaunchScreen;
				INFOPLIST_KEY_UIMainStoryboardFile = "";
				INFOPLIST_KEY_UISupportedInterfaceOrientations = UIInterfaceOrientationPortrait;
				INFOPLIST_KEY_UISupportedInterfaceOrientations_iPad = "UIInterfaceOrientationLandscapeLeft UIInterfaceOrientationLandscapeRight UIInterfaceOrientationPortrait UIInterfaceOrientationPortraitUpsideDown";
				LD_RUNPATH_SEARCH_PATHS = (
					"$(inherited)",
					"@executable_path/Frameworks",
				);
				MARKETING_VERSION = 1.0;
				PRODUCT_BUNDLE_IDENTIFIER = com.hamzaahmedshad.movieTrending;
				PRODUCT_NAME = "$(TARGET_NAME)";
				SUPPORTED_PLATFORMS = "iphoneos iphonesimulator";
				SUPPORTS_MACCATALYST = NO;
				SUPPORTS_MAC_DESIGNED_FOR_IPHONE_IPAD = NO;
				SWIFT_EMIT_LOC_STRINGS = YES;
				SWIFT_VERSION = 5.0;
				TARGETED_DEVICE_FAMILY = 1;
			};
			name = Debug;
		};
		357E017A29DBEDAF00056B42 /* Release */ = {
			isa = XCBuildConfiguration;
			buildSettings = {
				ASSETCATALOG_COMPILER_APPICON_NAME = AppIcon;
				ASSETCATALOG_COMPILER_GLOBAL_ACCENT_COLOR_NAME = AccentColor;
				CODE_SIGN_STYLE = Automatic;
				CURRENT_PROJECT_VERSION = 1;
				GENERATE_INFOPLIST_FILE = YES;
				INFOPLIST_FILE = movieTrending/Info.plist;
				INFOPLIST_KEY_UIApplicationSupportsIndirectInputEvents = YES;
				INFOPLIST_KEY_UILaunchStoryboardName = LaunchScreen;
				INFOPLIST_KEY_UIMainStoryboardFile = "";
				INFOPLIST_KEY_UISupportedInterfaceOrientations = UIInterfaceOrientationPortrait;
				INFOPLIST_KEY_UISupportedInterfaceOrientations_iPad = "UIInterfaceOrientationLandscapeLeft UIInterfaceOrientationLandscapeRight UIInterfaceOrientationPortrait UIInterfaceOrientationPortraitUpsideDown";
				LD_RUNPATH_SEARCH_PATHS = (
					"$(inherited)",
					"@executable_path/Frameworks",
				);
				MARKETING_VERSION = 1.0;
				PRODUCT_BUNDLE_IDENTIFIER = com.hamzaahmedshad.movieTrending;
				PRODUCT_NAME = "$(TARGET_NAME)";
				SUPPORTED_PLATFORMS = "iphoneos iphonesimulator";
				SUPPORTS_MACCATALYST = NO;
				SUPPORTS_MAC_DESIGNED_FOR_IPHONE_IPAD = NO;
				SWIFT_EMIT_LOC_STRINGS = YES;
				SWIFT_VERSION = 5.0;
				TARGETED_DEVICE_FAMILY = 1;
			};
			name = Release;
		};
		357E017C29DBEDAF00056B42 /* Debug */ = {
			isa = XCBuildConfiguration;
			buildSettings = {
				ALWAYS_EMBED_SWIFT_STANDARD_LIBRARIES = YES;
				BUNDLE_LOADER = "$(TEST_HOST)";
				CODE_SIGN_STYLE = Automatic;
				CURRENT_PROJECT_VERSION = 1;
				GENERATE_INFOPLIST_FILE = YES;
				IPHONEOS_DEPLOYMENT_TARGET = 16.2;
				MARKETING_VERSION = 1.0;
				PRODUCT_BUNDLE_IDENTIFIER = com.hamzaahmedshad.movieTrendingTests;
				PRODUCT_NAME = "$(TARGET_NAME)";
				SWIFT_EMIT_LOC_STRINGS = NO;
				SWIFT_VERSION = 5.0;
				TARGETED_DEVICE_FAMILY = "1,2";
				TEST_HOST = "$(BUILT_PRODUCTS_DIR)/movieTrending.app/$(BUNDLE_EXECUTABLE_FOLDER_PATH)/movieTrending";
			};
			name = Debug;
		};
		357E017D29DBEDAF00056B42 /* Release */ = {
			isa = XCBuildConfiguration;
			buildSettings = {
				ALWAYS_EMBED_SWIFT_STANDARD_LIBRARIES = YES;
				BUNDLE_LOADER = "$(TEST_HOST)";
				CODE_SIGN_STYLE = Automatic;
				CURRENT_PROJECT_VERSION = 1;
				GENERATE_INFOPLIST_FILE = YES;
				IPHONEOS_DEPLOYMENT_TARGET = 16.2;
				MARKETING_VERSION = 1.0;
				PRODUCT_BUNDLE_IDENTIFIER = com.hamzaahmedshad.movieTrendingTests;
				PRODUCT_NAME = "$(TARGET_NAME)";
				SWIFT_EMIT_LOC_STRINGS = NO;
				SWIFT_VERSION = 5.0;
				TARGETED_DEVICE_FAMILY = "1,2";
				TEST_HOST = "$(BUILT_PRODUCTS_DIR)/movieTrending.app/$(BUNDLE_EXECUTABLE_FOLDER_PATH)/movieTrending";
			};
			name = Release;
		};
		357E017F29DBEDAF00056B42 /* Debug */ = {
			isa = XCBuildConfiguration;
			buildSettings = {
				ALWAYS_EMBED_SWIFT_STANDARD_LIBRARIES = YES;
				CODE_SIGN_STYLE = Automatic;
				CURRENT_PROJECT_VERSION = 1;
				GENERATE_INFOPLIST_FILE = YES;
				MARKETING_VERSION = 1.0;
				PRODUCT_BUNDLE_IDENTIFIER = com.hamzaahmedshad.movieTrendingUITests;
				PRODUCT_NAME = "$(TARGET_NAME)";
				SWIFT_EMIT_LOC_STRINGS = NO;
				SWIFT_VERSION = 5.0;
				TARGETED_DEVICE_FAMILY = "1,2";
				TEST_TARGET_NAME = movieTrending;
			};
			name = Debug;
		};
		357E018029DBEDAF00056B42 /* Release */ = {
			isa = XCBuildConfiguration;
			buildSettings = {
				ALWAYS_EMBED_SWIFT_STANDARD_LIBRARIES = YES;
				CODE_SIGN_STYLE = Automatic;
				CURRENT_PROJECT_VERSION = 1;
				GENERATE_INFOPLIST_FILE = YES;
				MARKETING_VERSION = 1.0;
				PRODUCT_BUNDLE_IDENTIFIER = com.hamzaahmedshad.movieTrendingUITests;
				PRODUCT_NAME = "$(TARGET_NAME)";
				SWIFT_EMIT_LOC_STRINGS = NO;
				SWIFT_VERSION = 5.0;
				TARGETED_DEVICE_FAMILY = "1,2";
				TEST_TARGET_NAME = movieTrending;
			};
			name = Release;
		};
/* End XCBuildConfiguration section */

/* Begin XCConfigurationList section */
		357E014929DBEDAE00056B42 /* Build configuration list for PBXProject "movieTrending" */ = {
			isa = XCConfigurationList;
			buildConfigurations = (
				357E017629DBEDAF00056B42 /* Debug */,
				357E017729DBEDAF00056B42 /* Release */,
			);
			defaultConfigurationIsVisible = 0;
			defaultConfigurationName = Release;
		};
		357E017829DBEDAF00056B42 /* Build configuration list for PBXNativeTarget "movieTrending" */ = {
			isa = XCConfigurationList;
			buildConfigurations = (
				357E017929DBEDAF00056B42 /* Debug */,
				357E017A29DBEDAF00056B42 /* Release */,
			);
			defaultConfigurationIsVisible = 0;
			defaultConfigurationName = Release;
		};
		357E017B29DBEDAF00056B42 /* Build configuration list for PBXNativeTarget "movieTrendingTests" */ = {
			isa = XCConfigurationList;
			buildConfigurations = (
				357E017C29DBEDAF00056B42 /* Debug */,
				357E017D29DBEDAF00056B42 /* Release */,
			);
			defaultConfigurationIsVisible = 0;
			defaultConfigurationName = Release;
		};
		357E017E29DBEDAF00056B42 /* Build configuration list for PBXNativeTarget "movieTrendingUITests" */ = {
			isa = XCConfigurationList;
			buildConfigurations = (
				357E017F29DBEDAF00056B42 /* Debug */,
				357E018029DBEDAF00056B42 /* Release */,
			);
			defaultConfigurationIsVisible = 0;
			defaultConfigurationName = Release;
		};
/* End XCConfigurationList section */
	};
	rootObject = 357E014629DBEDAE00056B42 /* Project object */;
}
